
Microsoft Visual Studio Solution File, Format Version 12.00
# Visual Studio Version 16
VisualStudioVersion = 16.0.30309.148
MinimumVisualStudioVersion = 10.0.40219.1
Project("{9A19103F-16F7-4668-BE54-9A1E7A4F7556}") = "FileReader", "FileReader\FileReader.csproj", "{8C68DF50-4C92-4795-A593-B7AE291D25B2}"
EndProject
Project("{FAE04EC0-301F-11D3-BF4B-00C04F79EFBC}") = "DataQueryInsert", "DataQueryInsert\DataQueryInsert.csproj", "{D10173C5-136B-44B2-A510-69100DFEF982}"
EndProject
Global
	GlobalSection(SolutionConfigurationPlatforms) = preSolution
		Debug|Any CPU = Debug|Any CPU
		Release|Any CPU = Release|Any CPU
	EndGlobalSection
	GlobalSection(ProjectConfigurationPlatforms) = postSolution
		{8C68DF50-4C92-4795-A593-B7AE291D25B2}.Debug|Any CPU.ActiveCfg = Debug|Any CPU
		{8C68DF50-4C92-4795-A593-B7AE291D25B2}.Debug|Any CPU.Build.0 = Debug|Any CPU
		{8C68DF50-4C92-4795-A593-B7AE291D25B2}.Release|Any CPU.ActiveCfg = Release|Any CPU
		{8C68DF50-4C92-4795-A593-B7AE291D25B2}.Release|Any CPU.Build.0 = Release|Any CPU
		{D10173C5-136B-44B2-A510-69100DFEF982}.Debug|Any CPU.ActiveCfg = Debug|Any CPU
		{D10173C5-136B-44B2-A510-69100DFEF982}.Debug|Any CPU.Build.0 = Debug|Any CPU
		{D10173C5-136B-44B2-A510-69100DFEF982}.Release|Any CPU.ActiveCfg = Release|Any CPU
		{D10173C5-136B-44B2-A510-69100DFEF982}.Release|Any CPU.Build.0 = Release|Any CPU
	EndGlobalSection
	GlobalSection(SolutionProperties) = preSolution
		HideSolutionNode = FALSE
	EndGlobalSection
	GlobalSection(ExtensibilityGlobals) = postSolution
		SolutionGuid = {A018A00D-12FC-45A1-A16F-210307C0F2A6}
	EndGlobalSection
EndGlobal
